
Microsoft Visual Studio Solution File, Format Version 12.00
# Visual Studio Version 17
VisualStudioVersion = 17.8.34511.84
MinimumVisualStudioVersion = 10.0.40219.1
Project("{FAE04EC0-301F-11D3-BF4B-00C04F79EFBC}") = "HireMe", "HireMe\HireMe.csproj", "{195E2CD1-323F-4EEE-9430-ABE163AB5BEC}"
EndProject
Global
	GlobalSection(SolutionConfigurationPlatforms) = preSolution
		Debug|Any CPU = Debug|Any CPU
		Release|Any CPU = Release|Any CPU
	EndGlobalSection
	GlobalSection(ProjectConfigurationPlatforms) = postSolution
		{195E2CD1-323F-4EEE-9430-ABE163AB5BEC}.Debug|Any CPU.ActiveCfg = Debug|Any CPU
		{195E2CD1-323F-4EEE-9430-ABE163AB5BEC}.Debug|Any CPU.Build.0 = Debug|Any CPU
		{195E2CD1-323F-4EEE-9430-ABE163AB5BEC}.Release|Any CPU.ActiveCfg = Release|Any CPU
		{195E2CD1-323F-4EEE-9430-ABE163AB5BEC}.Release|Any CPU.Build.0 = Release|Any CPU
	EndGlobalSection
	GlobalSection(SolutionProperties) = preSolution
		HideSolutionNode = FALSE
	EndGlobalSection
	GlobalSection(ExtensibilityGlobals) = postSolution
		SolutionGuid = {A1C5412D-E583-4F62-A459-A23EF0762A90}
	EndGlobalSection
EndGlobal
